
Microsoft Visual Studio Solution File, Format Version 12.00
# Visual Studio Version 17
VisualStudioVersion = 17.7.34221.43
MinimumVisualStudioVersion = 10.0.40219.1
Project("{9A19103F-16F7-4668-BE54-9A1E7A4F7556}") = "FileUploaderBackend", "FileUploaderBackend\FileUploaderBackend.csproj", "{B903FDA3-C49E-416E-81C9-6B5745B6F603}"
EndProject
Project("{9A19103F-16F7-4668-BE54-9A1E7A4F7556}") = "ProLibrary", "ProLibrary\ProLibrary.csproj", "{A180E24E-8505-4AE7-946A-604AD8B8B2B4}"
EndProject
Project("{9A19103F-16F7-4668-BE54-9A1E7A4F7556}") = "TestFileUploaderBackend", "TestFileUploaderBackend\TestFileUploaderBackend.csproj", "{EC6C58A6-E58C-4E1C-996A-E67F67F3E5B7}"
EndProject
Global
	GlobalSection(SolutionConfigurationPlatforms) = preSolution
		Debug|Any CPU = Debug|Any CPU
		Release|Any CPU = Release|Any CPU
	EndGlobalSection
	GlobalSection(ProjectConfigurationPlatforms) = postSolution
		{B903FDA3-C49E-416E-81C9-6B5745B6F603}.Debug|Any CPU.ActiveCfg = Debug|Any CPU
		{B903FDA3-C49E-416E-81C9-6B5745B6F603}.Debug|Any CPU.Build.0 = Debug|Any CPU
		{B903FDA3-C49E-416E-81C9-6B5745B6F603}.Release|Any CPU.ActiveCfg = Release|Any CPU
		{B903FDA3-C49E-416E-81C9-6B5745B6F603}.Release|Any CPU.Build.0 = Release|Any CPU
		{A180E24E-8505-4AE7-946A-604AD8B8B2B4}.Debug|Any CPU.ActiveCfg = Debug|Any CPU
		{A180E24E-8505-4AE7-946A-604AD8B8B2B4}.Debug|Any CPU.Build.0 = Debug|Any CPU
		{A180E24E-8505-4AE7-946A-604AD8B8B2B4}.Release|Any CPU.ActiveCfg = Release|Any CPU
		{A180E24E-8505-4AE7-946A-604AD8B8B2B4}.Release|Any CPU.Build.0 = Release|Any CPU
		{EC6C58A6-E58C-4E1C-996A-E67F67F3E5B7}.Debug|Any CPU.ActiveCfg = Debug|Any CPU
		{EC6C58A6-E58C-4E1C-996A-E67F67F3E5B7}.Debug|Any CPU.Build.0 = Debug|Any CPU
		{EC6C58A6-E58C-4E1C-996A-E67F67F3E5B7}.Release|Any CPU.ActiveCfg = Release|Any CPU
		{EC6C58A6-E58C-4E1C-996A-E67F67F3E5B7}.Release|Any CPU.Build.0 = Release|Any CPU
	EndGlobalSection
	GlobalSection(SolutionProperties) = preSolution
		HideSolutionNode = FALSE
	EndGlobalSection
	GlobalSection(ExtensibilityGlobals) = postSolution
		SolutionGuid = {2ED37E61-4937-4581-B3D7-F54E453789F0}
	EndGlobalSection
EndGlobal
